
Microsoft Visual Studio Solution File, Format Version 12.00
# Visual Studio Version 16
VisualStudioVersion = 16.0.30523.141
MinimumVisualStudioVersion = 10.0.40219.1
Project("{888888A0-9F3D-457C-B088-3A5042F75D52}") = "smsbomber", "smsbomber\smsbomber.pyproj", "{268895DF-7918-4258-AC4A-EEC7C43CC4EB}"
EndProject
Global
	GlobalSection(SolutionConfigurationPlatforms) = preSolution
		Debug|Any CPU = Debug|Any CPU
		Release|Any CPU = Release|Any CPU
	EndGlobalSection
	GlobalSection(ProjectConfigurationPlatforms) = postSolution
		{268895DF-7918-4258-AC4A-EEC7C43CC4EB}.Debug|Any CPU.ActiveCfg = Debug|Any CPU
		{268895DF-7918-4258-AC4A-EEC7C43CC4EB}.Release|Any CPU.ActiveCfg = Release|Any CPU
	EndGlobalSection
	GlobalSection(SolutionProperties) = preSolution
		HideSolutionNode = FALSE
	EndGlobalSection
	GlobalSection(ExtensibilityGlobals) = postSolution
		SolutionGuid = {E34A9793-9A16-4308-80E1-DAD8D048DFAA}
	EndGlobalSection
EndGlobal
